
Microsoft Visual Studio Solution File, Format Version 12.00
# Visual Studio Version 17
VisualStudioVersion = 17.3.32922.545
MinimumVisualStudioVersion = 10.0.40219.1
Project("{FAE04EC0-301F-11D3-BF4B-00C04F79EFBC}") = "SeniorProjectMVC", "SeniorProjectMVC\SeniorProjectMVC.csproj", "{6E27F008-CE3E-4399-86F2-5E8A3CBE04B0}"
EndProject
Project("{FAE04EC0-301F-11D3-BF4B-00C04F79EFBC}") = "SPLib", "SPLib\SPLib.csproj", "{34BD0B1A-4FAD-4DE4-9CDA-DA87691E0CD5}"
EndProject
Project("{2150E333-8FDC-42A3-9474-1A3956D46DE8}") = "Solution Items", "Solution Items", "{3819F6EB-E4D7-41E4-8478-7CAB948AA068}"
	ProjectSection(SolutionItems) = preProject
		.editorconfig = .editorconfig
	EndProjectSection
EndProject
Global
	GlobalSection(SolutionConfigurationPlatforms) = preSolution
		Debug|Any CPU = Debug|Any CPU
		Release|Any CPU = Release|Any CPU
	EndGlobalSection
	GlobalSection(ProjectConfigurationPlatforms) = postSolution
		{6E27F008-CE3E-4399-86F2-5E8A3CBE04B0}.Debug|Any CPU.ActiveCfg = Debug|Any CPU
		{6E27F008-CE3E-4399-86F2-5E8A3CBE04B0}.Debug|Any CPU.Build.0 = Debug|Any CPU
		{6E27F008-CE3E-4399-86F2-5E8A3CBE04B0}.Release|Any CPU.ActiveCfg = Release|Any CPU
		{6E27F008-CE3E-4399-86F2-5E8A3CBE04B0}.Release|Any CPU.Build.0 = Release|Any CPU
		{34BD0B1A-4FAD-4DE4-9CDA-DA87691E0CD5}.Debug|Any CPU.ActiveCfg = Debug|Any CPU
		{34BD0B1A-4FAD-4DE4-9CDA-DA87691E0CD5}.Debug|Any CPU.Build.0 = Debug|Any CPU
		{34BD0B1A-4FAD-4DE4-9CDA-DA87691E0CD5}.Release|Any CPU.ActiveCfg = Release|Any CPU
		{34BD0B1A-4FAD-4DE4-9CDA-DA87691E0CD5}.Release|Any CPU.Build.0 = Release|Any CPU
	EndGlobalSection
	GlobalSection(SolutionProperties) = preSolution
		HideSolutionNode = FALSE
	EndGlobalSection
	GlobalSection(ExtensibilityGlobals) = postSolution
		SolutionGuid = {73A74244-B907-4519-856F-3D46D8F9078A}
	EndGlobalSection
EndGlobal
